// !$*UTF8*$!
{
	archiveVersion = 1;
	classes = {
	};
	objectVersion = 77;
	objects = {

/* Begin PBXContainerItemProxy section */
		F0E1729E2D8DE302002D1816 /* PBXContainerItemProxy */ = {
			isa = PBXContainerItemProxy;
			containerPortal = F0E1727F2D8DE2FF002D1816 /* Project object */;
			proxyType = 1;
			remoteGlobalIDString = F0E172862D8DE300002D1816;
			remoteInfo = NavigationController;
		};
		F0E172A82D8DE302002D1816 /* PBXContainerItemProxy */ = {
			isa = PBXContainerItemProxy;
			containerPortal = F0E1727F2D8DE2FF002D1816 /* Project object */;
			proxyType = 1;
			remoteGlobalIDString = F0E172862D8DE300002D1816;
			remoteInfo = NavigationController;
		};
/* End PBXContainerItemProxy section */

/* Begin PBXFileReference section */
		F0E172872D8DE300002D1816 /* NavigationController.app */ = {isa = PBXFileReference; explicitFileType = wrapper.application; includeInIndex = 0; path = NavigationController.app; sourceTree = BUILT_PRODUCTS_DIR; };
		F0E1729D2D8DE302002D1816 /* NavigationControllerTests.xctest */ = {isa = PBXFileReference; explicitFileType = wrapper.cfbundle; includeInIndex = 0; path = NavigationControllerTests.xctest; sourceTree = BUILT_PRODUCTS_DIR; };
		F0E172A72D8DE302002D1816 /* NavigationControllerUITests.xctest */ = {isa = PBXFileReference; explicitFileType = wrapper.cfbundle; includeInIndex = 0; path = NavigationControllerUITests.xctest; sourceTree = BUILT_PRODUCTS_DIR; };
/* End PBXFileReference section */

/* Begin PBXFileSystemSynchronizedBuildFileExceptionSet section */
		F0E172AF2D8DE302002D1816 /* Exceptions for "NavigationController" folder in "NavigationController" target */ = {
			isa = PBXFileSystemSynchronizedBuildFileExceptionSet;
			membershipExceptions = (
				Info.plist,
			);
			target = F0E172862D8DE300002D1816 /* NavigationController */;
		};
/* End PBXFileSystemSynchronizedBuildFileExceptionSet section */

/* Begin PBXFileSystemSynchronizedRootGroup section */
		F0E172892D8DE300002D1816 /* NavigationController */ = {
			isa = PBXFileSystemSynchronizedRootGroup;
			exceptions = (
				F0E172AF2D8DE302002D1816 /* Exceptions for "NavigationController" folder in "NavigationController" target */,
			);
			path = NavigationController;
			sourceTree = "<group>";
		};
		F0E172A02D8DE302002D1816 /* NavigationControllerTests */ = {
			isa = PBXFileSystemSynchronizedRootGroup;
			path = NavigationControllerTests;
			sourceTree = "<group>";
		};
		F0E172AA2D8DE302002D1816 /* NavigationControllerUITests */ = {
			isa = PBXFileSystemSynchronizedRootGroup;
			path = NavigationControllerUITests;
			sourceTree = "<group>";
		};
/* End PBXFileSystemSynchronizedRootGroup section */

/* Begin PBXFrameworksBuildPhase section */
		F0E172842D8DE300002D1816 /* Frameworks */ = {
			isa = PBXFrameworksBuildPhase;
			buildActionMask = 2147483647;
			files = (
			);
			runOnlyForDeploymentPostprocessing = 0;
		};
		F0E1729A2D8DE302002D1816 /* Frameworks */ = {
			isa = PBXFrameworksBuildPhase;
			buildActionMask = 2147483647;
			files = (
			);
			runOnlyForDeploymentPostprocessing = 0;
		};
		F0E172A42D8DE302002D1816 /* Frameworks */ = {
			isa = PBXFrameworksBuildPhase;
			buildActionMask = 2147483647;
			files = (
			);
			runOnlyForDeploymentPostprocessing = 0;
		};
/* End PBXFrameworksBuildPhase section */

/* Begin PBXGroup section */
		F0E1727E2D8DE2FF002D1816 = {
			isa = PBXGroup;
			children = (
				F0E172892D8DE300002D1816 /* NavigationController */,
				F0E172A02D8DE302002D1816 /* NavigationControllerTests */,
				F0E172AA2D8DE302002D1816 /* NavigationControllerUITests */,
				F0E172882D8DE300002D1816 /* Products */,
			);
			sourceTree = "<group>";
		};
		F0E172882D8DE300002D1816 /* Products */ = {
			isa = PBXGroup;
			children = (
				F0E172872D8DE300002D1816 /* NavigationController.app */,
				F0E1729D2D8DE302002D1816 /* NavigationControllerTests.xctest */,
				F0E172A72D8DE302002D1816 /* NavigationControllerUITests.xctest */,
			);
			name = Products;
			sourceTree = "<group>";
		};
/* End PBXGroup section */

/* Begin PBXNativeTarget section */
		F0E172862D8DE300002D1816 /* NavigationController */ = {
			isa = PBXNativeTarget;
			buildConfigurationList = F0E172B02D8DE302002D1816 /* Build configuration list for PBXNativeTarget "NavigationController" */;
			buildPhases = (
				F0E172832D8DE300002D1816 /* Sources */,
				F0E172842D8DE300002D1816 /* Frameworks */,
				F0E172852D8DE300002D1816 /* Resources */,
			);
			buildRules = (
			);
			dependencies = (
			);
			fileSystemSynchronizedGroups = (
				F0E172892D8DE300002D1816 /* NavigationController */,
			);
			name = NavigationController;
			packageProductDependencies = (
			);
			productName = NavigationController;
			productReference = F0E172872D8DE300002D1816 /* NavigationController.app */;
			productType = "com.apple.product-type.application";
		};
		F0E1729C2D8DE302002D1816 /* NavigationControllerTests */ = {
			isa = PBXNativeTarget;
			buildConfigurationList = F0E172B52D8DE302002D1816 /* Build configuration list for PBXNativeTarget "NavigationControllerTests" */;
			buildPhases = (
				F0E172992D8DE302002D1816 /* Sources */,
				F0E1729A2D8DE302002D1816 /* Frameworks */,
				F0E1729B2D8DE302002D1816 /* Resources */,
			);
			buildRules = (
			);
			dependencies = (
				F0E1729F2D8DE302002D1816 /* PBXTargetDependency */,
			);
			fileSystemSynchronizedGroups = (
				F0E172A02D8DE302002D1816 /* NavigationControllerTests */,
			);
			name = NavigationControllerTests;
			packageProductDependencies = (
			);
			productName = NavigationControllerTests;
			productReference = F0E1729D2D8DE302002D1816 /* NavigationControllerTests.xctest */;
			productType = "com.apple.product-type.bundle.unit-test";
		};
		F0E172A62D8DE302002D1816 /* NavigationControllerUITests */ = {
			isa = PBXNativeTarget;
			buildConfigurationList = F0E172B82D8DE302002D1816 /* Build configuration list for PBXNativeTarget "NavigationControllerUITests" */;
			buildPhases = (
				F0E172A32D8DE302002D1816 /* Sources */,
				F0E172A42D8DE302002D1816 /* Frameworks */,
				F0E172A52D8DE302002D1816 /* Resources */,
			);
			buildRules = (
			);
			dependencies = (
				F0E172A92D8DE302002D1816 /* PBXTargetDependency */,
			);
			fileSystemSynchronizedGroups = (
				F0E172AA2D8DE302002D1816 /* NavigationControllerUITests */,
			);
			name = NavigationControllerUITests;
			packageProductDependencies = (
			);
			productName = NavigationControllerUITests;
			productReference = F0E172A72D8DE302002D1816 /* NavigationControllerUITests.xctest */;
			productType = "com.apple.product-type.bundle.ui-testing";
		};
/* End PBXNativeTarget section */

/* Begin PBXProject section */
		F0E1727F2D8DE2FF002D1816 /* Project object */ = {
			isa = PBXProject;
			attributes = {
				BuildIndependentTargetsInParallel = 1;
				LastSwiftUpdateCheck = 1620;
				LastUpgradeCheck = 1620;
				TargetAttributes = {
					F0E172862D8DE300002D1816 = {
						CreatedOnToolsVersion = 16.2;
					};
					F0E1729C2D8DE302002D1816 = {
						CreatedOnToolsVersion = 16.2;
						TestTargetID = F0E172862D8DE300002D1816;
					};
					F0E172A62D8DE302002D1816 = {
						CreatedOnToolsVersion = 16.2;
						TestTargetID = F0E172862D8DE300002D1816;
					};
				};
			};
			buildConfigurationList = F0E172822D8DE2FF002D1816 /* Build configuration list for PBXProject "NavigationController" */;
			developmentRegion = en;
			hasScannedForEncodings = 0;
			knownRegions = (
				en,
				Base,
			);
			mainGroup = F0E1727E2D8DE2FF002D1816;
			minimizedProjectReferenceProxies = 1;
			preferredProjectObjectVersion = 77;
			productRefGroup = F0E172882D8DE300002D1816 /* Products */;
			projectDirPath = "";
			projectRoot = "";
			targets = (
				F0E172862D8DE300002D1816 /* NavigationController */,
				F0E1729C2D8DE302002D1816 /* NavigationControllerTests */,
				F0E172A62D8DE302002D1816 /* NavigationControllerUITests */,
			);
		};
/* End PBXProject section */

/* Begin PBXResourcesBuildPhase section */
		F0E172852D8DE300002D1816 /* Resources */ = {
			isa = PBXResourcesBuildPhase;
			buildActionMask = 2147483647;
			files = (
			);
			runOnlyForDeploymentPostprocessing = 0;
		};
		F0E1729B2D8DE302002D1816 /* Resources */ = {
			isa = PBXResourcesBuildPhase;
			buildActionMask = 2147483647;
			files = (
			);
			runOnlyForDeploymentPostprocessing = 0;
		};
		F0E172A52D8DE302002D1816 /* Resources */ = {
			isa = PBXResourcesBuildPhase;
			buildActionMask = 2147483647;
			files = (
			);
			runOnlyForDeploymentPostprocessing = 0;
		};
/* End PBXResourcesBuildPhase section */

/* Begin PBXSourcesBuildPhase section */
		F0E172832D8DE300002D1816 /* Sources */ = {
			isa = PBXSourcesBuildPhase;
			buildActionMask = 2147483647;
			files = (
			);
			runOnlyForDeploymentPostprocessing = 0;
		};
		F0E172992D8DE302002D1816 /* Sources */ = {
			isa = PBXSourcesBuildPhase;
			buildActionMask = 2147483647;
			files = (
			);
			runOnlyForDeploymentPostprocessing = 0;
		};
		F0E172A32D8DE302002D1816 /* Sources */ = {
			isa = PBXSourcesBuildPhase;
			buildActionMask = 2147483647;
			files = (
			);
			runOnlyForDeploymentPostprocessing = 0;
		};
/* End PBXSourcesBuildPhase section */

/* Begin PBXTargetDependency section */
		F0E1729F2D8DE302002D1816 /* PBXTargetDependency */ = {
			isa = PBXTargetDependency;
			target = F0E172862D8DE300002D1816 /* NavigationController */;
			targetProxy = F0E1729E2D8DE302002D1816 /* PBXContainerItemProxy */;
		};
		F0E172A92D8DE302002D1816 /* PBXTargetDependency */ = {
			isa = PBXTargetDependency;
			target = F0E172862D8DE300002D1816 /* NavigationController */;
			targetProxy = F0E172A82D8DE302002D1816 /* PBXContainerItemProxy */;
		};
/* End PBXTargetDependency section */

/* Begin XCBuildConfiguration section */
		F0E172B12D8DE302002D1816 /* Debug */ = {
			isa = XCBuildConfiguration;
			buildSettings = {
				ASSETCATALOG_COMPILER_APPICON_NAME = AppIcon;
				ASSETCATALOG_COMPILER_GLOBAL_ACCENT_COLOR_NAME = AccentColor;
				CODE_SIGN_STYLE = Automatic;
				CURRENT_PROJECT_VERSION = 1;
				DEVELOPMENT_TEAM = 7SM9J5V6TJ;
				GENERATE_INFOPLIST_FILE = YES;
				INFOPLIST_FILE = NavigationController/Info.plist;
				INFOPLIST_KEY_UIApplicationSupportsIndirectInputEvents = YES;
				INFOPLIST_KEY_UILaunchStoryboardName = LaunchScreen;
				INFOPLIST_KEY_UIMainStoryboardFile = Main;
				INFOPLIST_KEY_UISupportedInterfaceOrientations_iPad = "UIInterfaceOrientationPortrait UIInterfaceOrientationPortraitUpsideDown UIInterfaceOrientationLandscapeLeft UIInterfaceOrientationLandscapeRight";
				INFOPLIST_KEY_UISupportedInterfaceOrientations_iPhone = "UIInterfaceOrientationPortrait UIInterfaceOrientationLandscapeLeft UIInterfaceOrientationLandscapeRight";
				LD_RUNPATH_SEARCH_PATHS = (
					"$(inherited)",
					"@executable_path/Frameworks",
				);
				MARKETING_VERSION = 1.0;
				PRODUCT_BUNDLE_IDENTIFIER = diego.NavigationController;
				PRODUCT_NAME = "$(TARGET_NAME)";
				SWIFT_EMIT_LOC_STRINGS = YES;
				SWIFT_VERSION = 5.0;
				TARGETED_DEVICE_FAMILY = "1,2";
			};
			name = Debug;
		};
		F0E172B22D8DE302002D1816 /* Release */ = {
			isa = XCBuildConfiguration;
			buildSettings = {
				ASSETCATALOG_COMPILER_APPICON_NAME = AppIcon;
				ASSETCATALOG_COMPILER_GLOBAL_ACCENT_COLOR_NAME = AccentColor;
				CODE_SIGN_STYLE = Automatic;
				CURRENT_PROJECT_VERSION = 1;
				DEVELOPMENT_TEAM = 7SM9J5V6TJ;
				GENERATE_INFOPLIST_FILE = YES;
				INFOPLIST_FILE = NavigationController/Info.plist;
				INFOPLIST_KEY_UIApplicationSupportsIndirectInputEvents = YES;
				INFOPLIST_KEY_UILaunchStoryboardName = LaunchScreen;
				INFOPLIST_KEY_UIMainStoryboardFile = Main;
				INFOPLIST_KEY_UISupportedInterfaceOrientations_iPad = "UIInterfaceOrientationPortrait UIInterfaceOrientationPortraitUpsideDown UIInterfaceOrientationLandscapeLeft UIInterfaceOrientationLandscapeRight";
				INFOPLIST_KEY_UISupportedInterfaceOrientations_iPhone = "UIInterfaceOrientationPortrait UIInterfaceOrientationLandscapeLeft UIInterfaceOrientationLandscapeRight";
				LD_RUNPATH_SEARCH_PATHS = (
					"$(inherited)",
					"@executable_path/Frameworks",
				);
				MARKETING_VERSION = 1.0;
				PRODUCT_BUNDLE_IDENTIFIER = diego.NavigationController;
				PRODUCT_NAME = "$(TARGET_NAME)";
				SWIFT_EMIT_LOC_STRINGS = YES;
				SWIFT_VERSION = 5.0;
				TARGETED_DEVICE_FAMILY = "1,2";
			};
			name = Release;
		};
		F0E172B32D8DE302002D1816 /* Debug */ = {
			isa = XCBuildConfiguration;
			buildSettings = {
				ALWAYS_SEARCH_USER_PATHS = NO;
				ASSETCATALOG_COMPILER_GENERATE_SWIFT_ASSET_SYMBOL_EXTENSIONS = YES;
				CLANG_ANALYZER_NONNULL = YES;
				CLANG_ANALYZER_NUMBER_OBJECT_CONVERSION = YES_AGGRESSIVE;
				CLANG_CXX_LANGUAGE_STANDARD = "gnu++20";
				CLANG_ENABLE_MODULES = YES;
				CLANG_ENABLE_OBJC_ARC = YES;
				CLANG_ENABLE_OBJC_WEAK = YES;
				CLANG_WARN_BLOCK_CAPTURE_AUTORELEASING = YES;
				CLANG_WARN_BOOL_CONVERSION = YES;
				CLANG_WARN_COMMA = YES;
				CLANG_WARN_CONSTANT_CONVERSION = YES;
				CLANG_WARN_DEPRECATED_OBJC_IMPLEMENTATIONS = YES;
				CLANG_WARN_DIRECT_OBJC_ISA_USAGE = YES_ERROR;
				CLANG_WARN_DOCUMENTATION_COMMENTS = YES;
				CLANG_WARN_EMPTY_BODY = YES;
				CLANG_WARN_ENUM_CONVERSION = YES;
				CLANG_WARN_INFINITE_RECURSION = YES;
				CLANG_WARN_INT_CONVERSION = YES;
				CLANG_WARN_NON_LITERAL_NULL_CONVERSION = YES;
				CLANG_WARN_OBJC_IMPLICIT_RETAIN_SELF = YES;
				CLANG_WARN_OBJC_LITERAL_CONVERSION = YES;
				CLANG_WARN_OBJC_ROOT_CLASS = YES_ERROR;
				CLANG_WARN_QUOTED_INCLUDE_IN_FRAMEWORK_HEADER = YES;
				CLANG_WARN_RANGE_LOOP_ANALYSIS = YES;
				CLANG_WARN_STRICT_PROTOTYPES = YES;
				CLANG_WARN_SUSPICIOUS_MOVE = YES;
				CLANG_WARN_UNGUARDED_AVAILABILITY = YES_AGGRESSIVE;
				CLANG_WARN_UNREACHABLE_CODE = YES;
				CLANG_WARN__DUPLICATE_METHOD_MATCH = YES;
				COPY_PHASE_STRIP = NO;
				DEBUG_INFORMATION_FORMAT = dwarf;
				ENABLE_STRICT_OBJC_MSGSEND = YES;
				ENABLE_TESTABILITY = YES;
				ENABLE_USER_SCRIPT_SANDBOXING = YES;
				GCC_C_LANGUAGE_STANDARD = gnu17;
				GCC_DYNAMIC_NO_PIC = NO;
				GCC_NO_COMMON_BLOCKS = YES;
				GCC_OPTIMIZATION_LEVEL = 0;
				GCC_PREPROCESSOR_DEFINITIONS = (
					"DEBUG=1",
					"$(inherited)",
				);
				GCC_WARN_64_TO_32_BIT_CONVERSION = YES;
				GCC_WARN_ABOUT_RETURN_TYPE = YES_ERROR;
				GCC_WARN_UNDECLARED_SELECTOR = YES;
				GCC_WARN_UNINITIALIZED_AUTOS = YES_AGGRESSIVE;
				GCC_WARN_UNUSED_FUNCTION = YES;
				GCC_WARN_UNUSED_VARIABLE = YES;
				IPHONEOS_DEPLOYMENT_TARGET = 18.2;
				LOCALIZATION_PREFERS_STRING_CATALOGS = YES;
				MTL_ENABLE_DEBUG_INFO = INCLUDE_SOURCE;
				MTL_FAST_MATH = YES;
				ONLY_ACTIVE_ARCH = YES;
				SDKROOT = iphoneos;
				SWIFT_ACTIVE_COMPILATION_CONDITIONS = "DEBUG $(inherited)";
				SWIFT_OPTIMIZATION_LEVEL = "-Onone";
			};
			name = Debug;
		};
		F0E172B42D8DE302002D1816 /* Release */ = {
			isa = XCBuildConfiguration;
			buildSettings = {
				ALWAYS_SEARCH_USER_PATHS = NO;
				ASSETCATALOG_COMPILER_GENERATE_SWIFT_ASSET_SYMBOL_EXTENSIONS = YES;
				CLANG_ANALYZER_NONNULL = YES;
				CLANG_ANALYZER_NUMBER_OBJECT_CONVERSION = YES_AGGRESSIVE;
				CLANG_CXX_LANGUAGE_STANDARD = "gnu++20";
				CLANG_ENABLE_MODULES = YES;
				CLANG_ENABLE_OBJC_ARC = YES;
				CLANG_ENABLE_OBJC_WEAK = YES;
				CLANG_WARN_BLOCK_CAPTURE_AUTORELEASING = YES;
				CLANG_WARN_BOOL_CONVERSION = YES;
				CLANG_WARN_COMMA = YES;
				CLANG_WARN_CONSTANT_CONVERSION = YES;
				CLANG_WARN_DEPRECATED_OBJC_IMPLEMENTATIONS = YES;
				CLANG_WARN_DIRECT_OBJC_ISA_USAGE = YES_ERROR;
				CLANG_WARN_DOCUMENTATION_COMMENTS = YES;
				CLANG_WARN_EMPTY_BODY = YES;
				CLANG_WARN_ENUM_CONVERSION = YES;
				CLANG_WARN_INFINITE_RECURSION = YES;
				CLANG_WARN_INT_CONVERSION = YES;
				CLANG_WARN_NON_LITERAL_NULL_CONVERSION = YES;
				CLANG_WARN_OBJC_IMPLICIT_RETAIN_SELF = YES;
				CLANG_WARN_OBJC_LITERAL_CONVERSION = YES;
				CLANG_WARN_OBJC_ROOT_CLASS = YES_ERROR;
				CLANG_WARN_QUOTED_INCLUDE_IN_FRAMEWORK_HEADER = YES;
				CLANG_WARN_RANGE_LOOP_ANALYSIS = YES;
				CLANG_WARN_STRICT_PROTOTYPES = YES;
				CLANG_WARN_SUSPICIOUS_MOVE = YES;
				CLANG_WARN_UNGUARDED_AVAILABILITY = YES_AGGRESSIVE;
				CLANG_WARN_UNREACHABLE_CODE = YES;
				CLANG_WARN__DUPLICATE_METHOD_MATCH = YES;
				COPY_PHASE_STRIP = NO;
				DEBUG_INFORMATION_FORMAT = "dwarf-with-dsym";
				ENABLE_NS_ASSERTIONS = NO;
				ENABLE_STRICT_OBJC_MSGSEND = YES;
				ENABLE_USER_SCRIPT_SANDBOXING = YES;
				GCC_C_LANGUAGE_STANDARD = gnu17;
				GCC_NO_COMMON_BLOCKS = YES;
				GCC_WARN_64_TO_32_BIT_CONVERSION = YES;
				GCC_WARN_ABOUT_RETURN_TYPE = YES_ERROR;
				GCC_WARN_UNDECLARED_SELECTOR = YES;
				GCC_WARN_UNINITIALIZED_AUTOS = YES_AGGRESSIVE;
				GCC_WARN_UNUSED_FUNCTION = YES;
				GCC_WARN_UNUSED_VARIABLE = YES;
				IPHONEOS_DEPLOYMENT_TARGET = 18.2;
				LOCALIZATION_PREFERS_STRING_CATALOGS = YES;
				MTL_ENABLE_DEBUG_INFO = NO;
				MTL_FAST_MATH = YES;
				SDKROOT = iphoneos;
				SWIFT_COMPILATION_MODE = wholemodule;
				VALIDATE_PRODUCT = YES;
			};
			name = Release;
		};
		F0E172B62D8DE302002D1816 /* Debug */ = {
			isa = XCBuildConfiguration;
			buildSettings = {
				BUNDLE_LOADER = "$(TEST_HOST)";
				CODE_SIGN_STYLE = Automatic;
				CURRENT_PROJECT_VERSION = 1;
				DEVELOPMENT_TEAM = 7SM9J5V6TJ;
				GENERATE_INFOPLIST_FILE = YES;
				IPHONEOS_DEPLOYMENT_TARGET = 18.2;
				MARKETING_VERSION = 1.0;
				PRODUCT_BUNDLE_IDENTIFIER = diego.NavigationControllerTests;
				PRODUCT_NAME = "$(TARGET_NAME)";
				SWIFT_EMIT_LOC_STRINGS = NO;
				SWIFT_VERSION = 5.0;
				TARGETED_DEVICE_FAMILY = "1,2";
				TEST_HOST = "$(BUILT_PRODUCTS_DIR)/NavigationController.app/$(BUNDLE_EXECUTABLE_FOLDER_PATH)/NavigationController";
			};
			name = Debug;
		};
		F0E172B72D8DE302002D1816 /* Release */ = {
			isa = XCBuildConfiguration;
			buildSettings = {
				BUNDLE_LOADER = "$(TEST_HOST)";
				CODE_SIGN_STYLE = Automatic;
				CURRENT_PROJECT_VERSION = 1;
				DEVELOPMENT_TEAM = 7SM9J5V6TJ;
				GENERATE_INFOPLIST_FILE = YES;
				IPHONEOS_DEPLOYMENT_TARGET = 18.2;
				MARKETING_VERSION = 1.0;
				PRODUCT_BUNDLE_IDENTIFIER = diego.NavigationControllerTests;
				PRODUCT_NAME = "$(TARGET_NAME)";
				SWIFT_EMIT_LOC_STRINGS = NO;
				SWIFT_VERSION = 5.0;
				TARGETED_DEVICE_FAMILY = "1,2";
				TEST_HOST = "$(BUILT_PRODUCTS_DIR)/NavigationController.app/$(BUNDLE_EXECUTABLE_FOLDER_PATH)/NavigationController";
			};
			name = Release;
		};
		F0E172B92D8DE302002D1816 /* Debug */ = {
			isa = XCBuildConfiguration;
			buildSettings = {
				CODE_SIGN_STYLE = Automatic;
				CURRENT_PROJECT_VERSION = 1;
				DEVELOPMENT_TEAM = 7SM9J5V6TJ;
				GENERATE_INFOPLIST_FILE = YES;
				MARKETING_VERSION = 1.0;
				PRODUCT_BUNDLE_IDENTIFIER = diego.NavigationControllerUITests;
				PRODUCT_NAME = "$(TARGET_NAME)";
				SWIFT_EMIT_LOC_STRINGS = NO;
				SWIFT_VERSION = 5.0;
				TARGETED_DEVICE_FAMILY = "1,2";
				TEST_TARGET_NAME = NavigationController;
			};
			name = Debug;
		};
		F0E172BA2D8DE302002D1816 /* Release */ = {
			isa = XCBuildConfiguration;
			buildSettings = {
				CODE_SIGN_STYLE = Automatic;
				CURRENT_PROJECT_VERSION = 1;
				DEVELOPMENT_TEAM = 7SM9J5V6TJ;
				GENERATE_INFOPLIST_FILE = YES;
				MARKETING_VERSION = 1.0;
				PRODUCT_BUNDLE_IDENTIFIER = diego.NavigationControllerUITests;
				PRODUCT_NAME = "$(TARGET_NAME)";
				SWIFT_EMIT_LOC_STRINGS = NO;
				SWIFT_VERSION = 5.0;
				TARGETED_DEVICE_FAMILY = "1,2";
				TEST_TARGET_NAME = NavigationController;
			};
			name = Release;
		};
/* End XCBuildConfiguration section */

/* Begin XCConfigurationList section */
		F0E172822D8DE2FF002D1816 /* Build configuration list for PBXProject "NavigationController" */ = {
			isa = XCConfigurationList;
			buildConfigurations = (
				F0E172B32D8DE302002D1816 /* Debug */,
				F0E172B42D8DE302002D1816 /* Release */,
			);
			defaultConfigurationIsVisible = 0;
			defaultConfigurationName = Release;
		};
		F0E172B02D8DE302002D1816 /* Build configuration list for PBXNativeTarget "NavigationController" */ = {
			isa = XCConfigurationList;
			buildConfigurations = (
				F0E172B12D8DE302002D1816 /* Debug */,
				F0E172B22D8DE302002D1816 /* Release */,
			);
			defaultConfigurationIsVisible = 0;
			defaultConfigurationName = Release;
		};
		F0E172B52D8DE302002D1816 /* Build configuration list for PBXNativeTarget "NavigationControllerTests" */ = {
			isa = XCConfigurationList;
			buildConfigurations = (
				F0E172B62D8DE302002D1816 /* Debug */,
				F0E172B72D8DE302002D1816 /* Release */,
			);
			defaultConfigurationIsVisible = 0;
			defaultConfigurationName = Release;
		};
		F0E172B82D8DE302002D1816 /* Build configuration list for PBXNativeTarget "NavigationControllerUITests" */ = {
			isa = XCConfigurationList;
			buildConfigurations = (
				F0E172B92D8DE302002D1816 /* Debug */,
				F0E172BA2D8DE302002D1816 /* Release */,
			);
			defaultConfigurationIsVisible = 0;
			defaultConfigurationName = Release;
		};
/* End XCConfigurationList section */
	};
	rootObject = F0E1727F2D8DE2FF002D1816 /* Project object */;
}
