// !$*UTF8*$!
{
	archiveVersion = 1;
	classes = {
	};
	objectVersion = 77;
	objects = {

/* Begin PBXContainerItemProxy section */
		F0A8FF1F2D885F8300A7708A /* PBXContainerItemProxy */ = {
			isa = PBXContainerItemProxy;
			containerPortal = F0A8FF002D885F8200A7708A /* Project object */;
			proxyType = 1;
			remoteGlobalIDString = F0A8FF072D885F8200A7708A;
			remoteInfo = ElementosBasicosCurso;
		};
		F0A8FF292D885F8400A7708A /* PBXContainerItemProxy */ = {
			isa = PBXContainerItemProxy;
			containerPortal = F0A8FF002D885F8200A7708A /* Project object */;
			proxyType = 1;
			remoteGlobalIDString = F0A8FF072D885F8200A7708A;
			remoteInfo = ElementosBasicosCurso;
		};
/* End PBXContainerItemProxy section */

/* Begin PBXFileReference section */
		F0A8FF082D885F8200A7708A /* ElementosBasicosCurso.app */ = {isa = PBXFileReference; explicitFileType = wrapper.application; includeInIndex = 0; path = ElementosBasicosCurso.app; sourceTree = BUILT_PRODUCTS_DIR; };
		F0A8FF1E2D885F8300A7708A /* ElementosBasicosCursoTests.xctest */ = {isa = PBXFileReference; explicitFileType = wrapper.cfbundle; includeInIndex = 0; path = ElementosBasicosCursoTests.xctest; sourceTree = BUILT_PRODUCTS_DIR; };
		F0A8FF282D885F8400A7708A /* ElementosBasicosCursoUITests.xctest */ = {isa = PBXFileReference; explicitFileType = wrapper.cfbundle; includeInIndex = 0; path = ElementosBasicosCursoUITests.xctest; sourceTree = BUILT_PRODUCTS_DIR; };
/* End PBXFileReference section */

/* Begin PBXFileSystemSynchronizedBuildFileExceptionSet section */
		F0A8FF302D885F8400A7708A /* Exceptions for "ElementosBasicosCurso" folder in "ElementosBasicosCurso" target */ = {
			isa = PBXFileSystemSynchronizedBuildFileExceptionSet;
			membershipExceptions = (
				Info.plist,
			);
			target = F0A8FF072D885F8200A7708A /* ElementosBasicosCurso */;
		};
/* End PBXFileSystemSynchronizedBuildFileExceptionSet section */

/* Begin PBXFileSystemSynchronizedRootGroup section */
		F0A8FF0A2D885F8200A7708A /* ElementosBasicosCurso */ = {
			isa = PBXFileSystemSynchronizedRootGroup;
			exceptions = (
				F0A8FF302D885F8400A7708A /* Exceptions for "ElementosBasicosCurso" folder in "ElementosBasicosCurso" target */,
			);
			path = ElementosBasicosCurso;
			sourceTree = "<group>";
		};
		F0A8FF212D885F8300A7708A /* ElementosBasicosCursoTests */ = {
			isa = PBXFileSystemSynchronizedRootGroup;
			path = ElementosBasicosCursoTests;
			sourceTree = "<group>";
		};
		F0A8FF2B2D885F8400A7708A /* ElementosBasicosCursoUITests */ = {
			isa = PBXFileSystemSynchronizedRootGroup;
			path = ElementosBasicosCursoUITests;
			sourceTree = "<group>";
		};
/* End PBXFileSystemSynchronizedRootGroup section */

/* Begin PBXFrameworksBuildPhase section */
		F0A8FF052D885F8200A7708A /* Frameworks */ = {
			isa = PBXFrameworksBuildPhase;
			buildActionMask = 2147483647;
			files = (
			);
			runOnlyForDeploymentPostprocessing = 0;
		};
		F0A8FF1B2D885F8300A7708A /* Frameworks */ = {
			isa = PBXFrameworksBuildPhase;
			buildActionMask = 2147483647;
			files = (
			);
			runOnlyForDeploymentPostprocessing = 0;
		};
		F0A8FF252D885F8400A7708A /* Frameworks */ = {
			isa = PBXFrameworksBuildPhase;
			buildActionMask = 2147483647;
			files = (
			);
			runOnlyForDeploymentPostprocessing = 0;
		};
/* End PBXFrameworksBuildPhase section */

/* Begin PBXGroup section */
		F0A8FEFF2D885F8200A7708A = {
			isa = PBXGroup;
			children = (
				F0A8FF0A2D885F8200A7708A /* ElementosBasicosCurso */,
				F0A8FF212D885F8300A7708A /* ElementosBasicosCursoTests */,
				F0A8FF2B2D885F8400A7708A /* ElementosBasicosCursoUITests */,
				F0A8FF092D885F8200A7708A /* Products */,
			);
			sourceTree = "<group>";
		};
		F0A8FF092D885F8200A7708A /* Products */ = {
			isa = PBXGroup;
			children = (
				F0A8FF082D885F8200A7708A /* ElementosBasicosCurso.app */,
				F0A8FF1E2D885F8300A7708A /* ElementosBasicosCursoTests.xctest */,
				F0A8FF282D885F8400A7708A /* ElementosBasicosCursoUITests.xctest */,
			);
			name = Products;
			sourceTree = "<group>";
		};
/* End PBXGroup section */

/* Begin PBXNativeTarget section */
		F0A8FF072D885F8200A7708A /* ElementosBasicosCurso */ = {
			isa = PBXNativeTarget;
			buildConfigurationList = F0A8FF312D885F8400A7708A /* Build configuration list for PBXNativeTarget "ElementosBasicosCurso" */;
			buildPhases = (
				F0A8FF042D885F8200A7708A /* Sources */,
				F0A8FF052D885F8200A7708A /* Frameworks */,
				F0A8FF062D885F8200A7708A /* Resources */,
			);
			buildRules = (
			);
			dependencies = (
			);
			fileSystemSynchronizedGroups = (
				F0A8FF0A2D885F8200A7708A /* ElementosBasicosCurso */,
			);
			name = ElementosBasicosCurso;
			packageProductDependencies = (
			);
			productName = ElementosBasicosCurso;
			productReference = F0A8FF082D885F8200A7708A /* ElementosBasicosCurso.app */;
			productType = "com.apple.product-type.application";
		};
		F0A8FF1D2D885F8300A7708A /* ElementosBasicosCursoTests */ = {
			isa = PBXNativeTarget;
			buildConfigurationList = F0A8FF362D885F8400A7708A /* Build configuration list for PBXNativeTarget "ElementosBasicosCursoTests" */;
			buildPhases = (
				F0A8FF1A2D885F8300A7708A /* Sources */,
				F0A8FF1B2D885F8300A7708A /* Frameworks */,
				F0A8FF1C2D885F8300A7708A /* Resources */,
			);
			buildRules = (
			);
			dependencies = (
				F0A8FF202D885F8300A7708A /* PBXTargetDependency */,
			);
			fileSystemSynchronizedGroups = (
				F0A8FF212D885F8300A7708A /* ElementosBasicosCursoTests */,
			);
			name = ElementosBasicosCursoTests;
			packageProductDependencies = (
			);
			productName = ElementosBasicosCursoTests;
			productReference = F0A8FF1E2D885F8300A7708A /* ElementosBasicosCursoTests.xctest */;
			productType = "com.apple.product-type.bundle.unit-test";
		};
		F0A8FF272D885F8400A7708A /* ElementosBasicosCursoUITests */ = {
			isa = PBXNativeTarget;
			buildConfigurationList = F0A8FF392D885F8400A7708A /* Build configuration list for PBXNativeTarget "ElementosBasicosCursoUITests" */;
			buildPhases = (
				F0A8FF242D885F8400A7708A /* Sources */,
				F0A8FF252D885F8400A7708A /* Frameworks */,
				F0A8FF262D885F8400A7708A /* Resources */,
			);
			buildRules = (
			);
			dependencies = (
				F0A8FF2A2D885F8400A7708A /* PBXTargetDependency */,
			);
			fileSystemSynchronizedGroups = (
				F0A8FF2B2D885F8400A7708A /* ElementosBasicosCursoUITests */,
			);
			name = ElementosBasicosCursoUITests;
			packageProductDependencies = (
			);
			productName = ElementosBasicosCursoUITests;
			productReference = F0A8FF282D885F8400A7708A /* ElementosBasicosCursoUITests.xctest */;
			productType = "com.apple.product-type.bundle.ui-testing";
		};
/* End PBXNativeTarget section */

/* Begin PBXProject section */
		F0A8FF002D885F8200A7708A /* Project object */ = {
			isa = PBXProject;
			attributes = {
				BuildIndependentTargetsInParallel = 1;
				LastSwiftUpdateCheck = 1620;
				LastUpgradeCheck = 1620;
				TargetAttributes = {
					F0A8FF072D885F8200A7708A = {
						CreatedOnToolsVersion = 16.2;
					};
					F0A8FF1D2D885F8300A7708A = {
						CreatedOnToolsVersion = 16.2;
						TestTargetID = F0A8FF072D885F8200A7708A;
					};
					F0A8FF272D885F8400A7708A = {
						CreatedOnToolsVersion = 16.2;
						TestTargetID = F0A8FF072D885F8200A7708A;
					};
				};
			};
			buildConfigurationList = F0A8FF032D885F8200A7708A /* Build configuration list for PBXProject "ElementosBasicosCurso" */;
			developmentRegion = en;
			hasScannedForEncodings = 0;
			knownRegions = (
				en,
				Base,
			);
			mainGroup = F0A8FEFF2D885F8200A7708A;
			minimizedProjectReferenceProxies = 1;
			preferredProjectObjectVersion = 77;
			productRefGroup = F0A8FF092D885F8200A7708A /* Products */;
			projectDirPath = "";
			projectRoot = "";
			targets = (
				F0A8FF072D885F8200A7708A /* ElementosBasicosCurso */,
				F0A8FF1D2D885F8300A7708A /* ElementosBasicosCursoTests */,
				F0A8FF272D885F8400A7708A /* ElementosBasicosCursoUITests */,
			);
		};
/* End PBXProject section */

/* Begin PBXResourcesBuildPhase section */
		F0A8FF062D885F8200A7708A /* Resources */ = {
			isa = PBXResourcesBuildPhase;
			buildActionMask = 2147483647;
			files = (
			);
			runOnlyForDeploymentPostprocessing = 0;
		};
		F0A8FF1C2D885F8300A7708A /* Resources */ = {
			isa = PBXResourcesBuildPhase;
			buildActionMask = 2147483647;
			files = (
			);
			runOnlyForDeploymentPostprocessing = 0;
		};
		F0A8FF262D885F8400A7708A /* Resources */ = {
			isa = PBXResourcesBuildPhase;
			buildActionMask = 2147483647;
			files = (
			);
			runOnlyForDeploymentPostprocessing = 0;
		};
/* End PBXResourcesBuildPhase section */

/* Begin PBXSourcesBuildPhase section */
		F0A8FF042D885F8200A7708A /* Sources */ = {
			isa = PBXSourcesBuildPhase;
			buildActionMask = 2147483647;
			files = (
			);
			runOnlyForDeploymentPostprocessing = 0;
		};
		F0A8FF1A2D885F8300A7708A /* Sources */ = {
			isa = PBXSourcesBuildPhase;
			buildActionMask = 2147483647;
			files = (
			);
			runOnlyForDeploymentPostprocessing = 0;
		};
		F0A8FF242D885F8400A7708A /* Sources */ = {
			isa = PBXSourcesBuildPhase;
			buildActionMask = 2147483647;
			files = (
			);
			runOnlyForDeploymentPostprocessing = 0;
		};
/* End PBXSourcesBuildPhase section */

/* Begin PBXTargetDependency section */
		F0A8FF202D885F8300A7708A /* PBXTargetDependency */ = {
			isa = PBXTargetDependency;
			target = F0A8FF072D885F8200A7708A /* ElementosBasicosCurso */;
			targetProxy = F0A8FF1F2D885F8300A7708A /* PBXContainerItemProxy */;
		};
		F0A8FF2A2D885F8400A7708A /* PBXTargetDependency */ = {
			isa = PBXTargetDependency;
			target = F0A8FF072D885F8200A7708A /* ElementosBasicosCurso */;
			targetProxy = F0A8FF292D885F8400A7708A /* PBXContainerItemProxy */;
		};
/* End PBXTargetDependency section */

/* Begin XCBuildConfiguration section */
		F0A8FF322D885F8400A7708A /* Debug */ = {
			isa = XCBuildConfiguration;
			buildSettings = {
				ASSETCATALOG_COMPILER_APPICON_NAME = AppIcon;
				ASSETCATALOG_COMPILER_GLOBAL_ACCENT_COLOR_NAME = AccentColor;
				CODE_SIGN_STYLE = Automatic;
				CURRENT_PROJECT_VERSION = 1;
				DEVELOPMENT_TEAM = 7SM9J5V6TJ;
				GENERATE_INFOPLIST_FILE = YES;
				INFOPLIST_FILE = ElementosBasicosCurso/Info.plist;
				INFOPLIST_KEY_UIApplicationSupportsIndirectInputEvents = YES;
				INFOPLIST_KEY_UILaunchStoryboardName = LaunchScreen;
				INFOPLIST_KEY_UIMainStoryboardFile = Main;
				INFOPLIST_KEY_UISupportedInterfaceOrientations_iPad = "UIInterfaceOrientationPortrait UIInterfaceOrientationPortraitUpsideDown UIInterfaceOrientationLandscapeLeft UIInterfaceOrientationLandscapeRight";
				INFOPLIST_KEY_UISupportedInterfaceOrientations_iPhone = "UIInterfaceOrientationPortrait UIInterfaceOrientationLandscapeLeft UIInterfaceOrientationLandscapeRight";
				LD_RUNPATH_SEARCH_PATHS = (
					"$(inherited)",
					"@executable_path/Frameworks",
				);
				MARKETING_VERSION = 1.0;
				PRODUCT_BUNDLE_IDENTIFIER = diego.ElementosBasicosCurso;
				PRODUCT_NAME = "$(TARGET_NAME)";
				SWIFT_EMIT_LOC_STRINGS = YES;
				SWIFT_VERSION = 5.0;
				TARGETED_DEVICE_FAMILY = "1,2";
			};
			name = Debug;
		};
		F0A8FF332D885F8400A7708A /* Release */ = {
			isa = XCBuildConfiguration;
			buildSettings = {
				ASSETCATALOG_COMPILER_APPICON_NAME = AppIcon;
				ASSETCATALOG_COMPILER_GLOBAL_ACCENT_COLOR_NAME = AccentColor;
				CODE_SIGN_STYLE = Automatic;
				CURRENT_PROJECT_VERSION = 1;
				DEVELOPMENT_TEAM = 7SM9J5V6TJ;
				GENERATE_INFOPLIST_FILE = YES;
				INFOPLIST_FILE = ElementosBasicosCurso/Info.plist;
				INFOPLIST_KEY_UIApplicationSupportsIndirectInputEvents = YES;
				INFOPLIST_KEY_UILaunchStoryboardName = LaunchScreen;
				INFOPLIST_KEY_UIMainStoryboardFile = Main;
				INFOPLIST_KEY_UISupportedInterfaceOrientations_iPad = "UIInterfaceOrientationPortrait UIInterfaceOrientationPortraitUpsideDown UIInterfaceOrientationLandscapeLeft UIInterfaceOrientationLandscapeRight";
				INFOPLIST_KEY_UISupportedInterfaceOrientations_iPhone = "UIInterfaceOrientationPortrait UIInterfaceOrientationLandscapeLeft UIInterfaceOrientationLandscapeRight";
				LD_RUNPATH_SEARCH_PATHS = (
					"$(inherited)",
					"@executable_path/Frameworks",
				);
				MARKETING_VERSION = 1.0;
				PRODUCT_BUNDLE_IDENTIFIER = diego.ElementosBasicosCurso;
				PRODUCT_NAME = "$(TARGET_NAME)";
				SWIFT_EMIT_LOC_STRINGS = YES;
				SWIFT_VERSION = 5.0;
				TARGETED_DEVICE_FAMILY = "1,2";
			};
			name = Release;
		};
		F0A8FF342D885F8400A7708A /* Debug */ = {
			isa = XCBuildConfiguration;
			buildSettings = {
				ALWAYS_SEARCH_USER_PATHS = NO;
				ASSETCATALOG_COMPILER_GENERATE_SWIFT_ASSET_SYMBOL_EXTENSIONS = YES;
				CLANG_ANALYZER_NONNULL = YES;
				CLANG_ANALYZER_NUMBER_OBJECT_CONVERSION = YES_AGGRESSIVE;
				CLANG_CXX_LANGUAGE_STANDARD = "gnu++20";
				CLANG_ENABLE_MODULES = YES;
				CLANG_ENABLE_OBJC_ARC = YES;
				CLANG_ENABLE_OBJC_WEAK = YES;
				CLANG_WARN_BLOCK_CAPTURE_AUTORELEASING = YES;
				CLANG_WARN_BOOL_CONVERSION = YES;
				CLANG_WARN_COMMA = YES;
				CLANG_WARN_CONSTANT_CONVERSION = YES;
				CLANG_WARN_DEPRECATED_OBJC_IMPLEMENTATIONS = YES;
				CLANG_WARN_DIRECT_OBJC_ISA_USAGE = YES_ERROR;
				CLANG_WARN_DOCUMENTATION_COMMENTS = YES;
				CLANG_WARN_EMPTY_BODY = YES;
				CLANG_WARN_ENUM_CONVERSION = YES;
				CLANG_WARN_INFINITE_RECURSION = YES;
				CLANG_WARN_INT_CONVERSION = YES;
				CLANG_WARN_NON_LITERAL_NULL_CONVERSION = YES;
				CLANG_WARN_OBJC_IMPLICIT_RETAIN_SELF = YES;
				CLANG_WARN_OBJC_LITERAL_CONVERSION = YES;
				CLANG_WARN_OBJC_ROOT_CLASS = YES_ERROR;
				CLANG_WARN_QUOTED_INCLUDE_IN_FRAMEWORK_HEADER = YES;
				CLANG_WARN_RANGE_LOOP_ANALYSIS = YES;
				CLANG_WARN_STRICT_PROTOTYPES = YES;
				CLANG_WARN_SUSPICIOUS_MOVE = YES;
				CLANG_WARN_UNGUARDED_AVAILABILITY = YES_AGGRESSIVE;
				CLANG_WARN_UNREACHABLE_CODE = YES;
				CLANG_WARN__DUPLICATE_METHOD_MATCH = YES;
				COPY_PHASE_STRIP = NO;
				DEBUG_INFORMATION_FORMAT = dwarf;
				ENABLE_STRICT_OBJC_MSGSEND = YES;
				ENABLE_TESTABILITY = YES;
				ENABLE_USER_SCRIPT_SANDBOXING = YES;
				GCC_C_LANGUAGE_STANDARD = gnu17;
				GCC_DYNAMIC_NO_PIC = NO;
				GCC_NO_COMMON_BLOCKS = YES;
				GCC_OPTIMIZATION_LEVEL = 0;
				GCC_PREPROCESSOR_DEFINITIONS = (
					"DEBUG=1",
					"$(inherited)",
				);
				GCC_WARN_64_TO_32_BIT_CONVERSION = YES;
				GCC_WARN_ABOUT_RETURN_TYPE = YES_ERROR;
				GCC_WARN_UNDECLARED_SELECTOR = YES;
				GCC_WARN_UNINITIALIZED_AUTOS = YES_AGGRESSIVE;
				GCC_WARN_UNUSED_FUNCTION = YES;
				GCC_WARN_UNUSED_VARIABLE = YES;
				IPHONEOS_DEPLOYMENT_TARGET = 18.2;
				LOCALIZATION_PREFERS_STRING_CATALOGS = YES;
				MTL_ENABLE_DEBUG_INFO = INCLUDE_SOURCE;
				MTL_FAST_MATH = YES;
				ONLY_ACTIVE_ARCH = YES;
				SDKROOT = iphoneos;
				SWIFT_ACTIVE_COMPILATION_CONDITIONS = "DEBUG $(inherited)";
				SWIFT_OPTIMIZATION_LEVEL = "-Onone";
			};
			name = Debug;
		};
		F0A8FF352D885F8400A7708A /* Release */ = {
			isa = XCBuildConfiguration;
			buildSettings = {
				ALWAYS_SEARCH_USER_PATHS = NO;
				ASSETCATALOG_COMPILER_GENERATE_SWIFT_ASSET_SYMBOL_EXTENSIONS = YES;
				CLANG_ANALYZER_NONNULL = YES;
				CLANG_ANALYZER_NUMBER_OBJECT_CONVERSION = YES_AGGRESSIVE;
				CLANG_CXX_LANGUAGE_STANDARD = "gnu++20";
				CLANG_ENABLE_MODULES = YES;
				CLANG_ENABLE_OBJC_ARC = YES;
				CLANG_ENABLE_OBJC_WEAK = YES;
				CLANG_WARN_BLOCK_CAPTURE_AUTORELEASING = YES;
				CLANG_WARN_BOOL_CONVERSION = YES;
				CLANG_WARN_COMMA = YES;
				CLANG_WARN_CONSTANT_CONVERSION = YES;
				CLANG_WARN_DEPRECATED_OBJC_IMPLEMENTATIONS = YES;
				CLANG_WARN_DIRECT_OBJC_ISA_USAGE = YES_ERROR;
				CLANG_WARN_DOCUMENTATION_COMMENTS = YES;
				CLANG_WARN_EMPTY_BODY = YES;
				CLANG_WARN_ENUM_CONVERSION = YES;
				CLANG_WARN_INFINITE_RECURSION = YES;
				CLANG_WARN_INT_CONVERSION = YES;
				CLANG_WARN_NON_LITERAL_NULL_CONVERSION = YES;
				CLANG_WARN_OBJC_IMPLICIT_RETAIN_SELF = YES;
				CLANG_WARN_OBJC_LITERAL_CONVERSION = YES;
				CLANG_WARN_OBJC_ROOT_CLASS = YES_ERROR;
				CLANG_WARN_QUOTED_INCLUDE_IN_FRAMEWORK_HEADER = YES;
				CLANG_WARN_RANGE_LOOP_ANALYSIS = YES;
				CLANG_WARN_STRICT_PROTOTYPES = YES;
				CLANG_WARN_SUSPICIOUS_MOVE = YES;
				CLANG_WARN_UNGUARDED_AVAILABILITY = YES_AGGRESSIVE;
				CLANG_WARN_UNREACHABLE_CODE = YES;
				CLANG_WARN__DUPLICATE_METHOD_MATCH = YES;
				COPY_PHASE_STRIP = NO;
				DEBUG_INFORMATION_FORMAT = "dwarf-with-dsym";
				ENABLE_NS_ASSERTIONS = NO;
				ENABLE_STRICT_OBJC_MSGSEND = YES;
				ENABLE_USER_SCRIPT_SANDBOXING = YES;
				GCC_C_LANGUAGE_STANDARD = gnu17;
				GCC_NO_COMMON_BLOCKS = YES;
				GCC_WARN_64_TO_32_BIT_CONVERSION = YES;
				GCC_WARN_ABOUT_RETURN_TYPE = YES_ERROR;
				GCC_WARN_UNDECLARED_SELECTOR = YES;
				GCC_WARN_UNINITIALIZED_AUTOS = YES_AGGRESSIVE;
				GCC_WARN_UNUSED_FUNCTION = YES;
				GCC_WARN_UNUSED_VARIABLE = YES;
				IPHONEOS_DEPLOYMENT_TARGET = 18.2;
				LOCALIZATION_PREFERS_STRING_CATALOGS = YES;
				MTL_ENABLE_DEBUG_INFO = NO;
				MTL_FAST_MATH = YES;
				SDKROOT = iphoneos;
				SWIFT_COMPILATION_MODE = wholemodule;
				VALIDATE_PRODUCT = YES;
			};
			name = Release;
		};
		F0A8FF372D885F8400A7708A /* Debug */ = {
			isa = XCBuildConfiguration;
			buildSettings = {
				BUNDLE_LOADER = "$(TEST_HOST)";
				CODE_SIGN_STYLE = Automatic;
				CURRENT_PROJECT_VERSION = 1;
				DEVELOPMENT_TEAM = 7SM9J5V6TJ;
				GENERATE_INFOPLIST_FILE = YES;
				IPHONEOS_DEPLOYMENT_TARGET = 18.2;
				MARKETING_VERSION = 1.0;
				PRODUCT_BUNDLE_IDENTIFIER = diego.ElementosBasicosCursoTests;
				PRODUCT_NAME = "$(TARGET_NAME)";
				SWIFT_EMIT_LOC_STRINGS = NO;
				SWIFT_VERSION = 5.0;
				TARGETED_DEVICE_FAMILY = "1,2";
				TEST_HOST = "$(BUILT_PRODUCTS_DIR)/ElementosBasicosCurso.app/$(BUNDLE_EXECUTABLE_FOLDER_PATH)/ElementosBasicosCurso";
			};
			name = Debug;
		};
		F0A8FF382D885F8400A7708A /* Release */ = {
			isa = XCBuildConfiguration;
			buildSettings = {
				BUNDLE_LOADER = "$(TEST_HOST)";
				CODE_SIGN_STYLE = Automatic;
				CURRENT_PROJECT_VERSION = 1;
				DEVELOPMENT_TEAM = 7SM9J5V6TJ;
				GENERATE_INFOPLIST_FILE = YES;
				IPHONEOS_DEPLOYMENT_TARGET = 18.2;
				MARKETING_VERSION = 1.0;
				PRODUCT_BUNDLE_IDENTIFIER = diego.ElementosBasicosCursoTests;
				PRODUCT_NAME = "$(TARGET_NAME)";
				SWIFT_EMIT_LOC_STRINGS = NO;
				SWIFT_VERSION = 5.0;
				TARGETED_DEVICE_FAMILY = "1,2";
				TEST_HOST = "$(BUILT_PRODUCTS_DIR)/ElementosBasicosCurso.app/$(BUNDLE_EXECUTABLE_FOLDER_PATH)/ElementosBasicosCurso";
			};
			name = Release;
		};
		F0A8FF3A2D885F8400A7708A /* Debug */ = {
			isa = XCBuildConfiguration;
			buildSettings = {
				CODE_SIGN_STYLE = Automatic;
				CURRENT_PROJECT_VERSION = 1;
				DEVELOPMENT_TEAM = 7SM9J5V6TJ;
				GENERATE_INFOPLIST_FILE = YES;
				MARKETING_VERSION = 1.0;
				PRODUCT_BUNDLE_IDENTIFIER = diego.ElementosBasicosCursoUITests;
				PRODUCT_NAME = "$(TARGET_NAME)";
				SWIFT_EMIT_LOC_STRINGS = NO;
				SWIFT_VERSION = 5.0;
				TARGETED_DEVICE_FAMILY = "1,2";
				TEST_TARGET_NAME = ElementosBasicosCurso;
			};
			name = Debug;
		};
		F0A8FF3B2D885F8400A7708A /* Release */ = {
			isa = XCBuildConfiguration;
			buildSettings = {
				CODE_SIGN_STYLE = Automatic;
				CURRENT_PROJECT_VERSION = 1;
				DEVELOPMENT_TEAM = 7SM9J5V6TJ;
				GENERATE_INFOPLIST_FILE = YES;
				MARKETING_VERSION = 1.0;
				PRODUCT_BUNDLE_IDENTIFIER = diego.ElementosBasicosCursoUITests;
				PRODUCT_NAME = "$(TARGET_NAME)";
				SWIFT_EMIT_LOC_STRINGS = NO;
				SWIFT_VERSION = 5.0;
				TARGETED_DEVICE_FAMILY = "1,2";
				TEST_TARGET_NAME = ElementosBasicosCurso;
			};
			name = Release;
		};
/* End XCBuildConfiguration section */

/* Begin XCConfigurationList section */
		F0A8FF032D885F8200A7708A /* Build configuration list for PBXProject "ElementosBasicosCurso" */ = {
			isa = XCConfigurationList;
			buildConfigurations = (
				F0A8FF342D885F8400A7708A /* Debug */,
				F0A8FF352D885F8400A7708A /* Release */,
			);
			defaultConfigurationIsVisible = 0;
			defaultConfigurationName = Release;
		};
		F0A8FF312D885F8400A7708A /* Build configuration list for PBXNativeTarget "ElementosBasicosCurso" */ = {
			isa = XCConfigurationList;
			buildConfigurations = (
				F0A8FF322D885F8400A7708A /* Debug */,
				F0A8FF332D885F8400A7708A /* Release */,
			);
			defaultConfigurationIsVisible = 0;
			defaultConfigurationName = Release;
		};
		F0A8FF362D885F8400A7708A /* Build configuration list for PBXNativeTarget "ElementosBasicosCursoTests" */ = {
			isa = XCConfigurationList;
			buildConfigurations = (
				F0A8FF372D885F8400A7708A /* Debug */,
				F0A8FF382D885F8400A7708A /* Release */,
			);
			defaultConfigurationIsVisible = 0;
			defaultConfigurationName = Release;
		};
		F0A8FF392D885F8400A7708A /* Build configuration list for PBXNativeTarget "ElementosBasicosCursoUITests" */ = {
			isa = XCConfigurationList;
			buildConfigurations = (
				F0A8FF3A2D885F8400A7708A /* Debug */,
				F0A8FF3B2D885F8400A7708A /* Release */,
			);
			defaultConfigurationIsVisible = 0;
			defaultConfigurationName = Release;
		};
/* End XCConfigurationList section */
	};
	rootObject = F0A8FF002D885F8200A7708A /* Project object */;
}
