// !$*UTF8*$!
{
	archiveVersion = 1;
	classes = {
	};
	objectVersion = 77;
	objects = {

/* Begin PBXContainerItemProxy section */
		F0E172FD2D94449B002D1816 /* PBXContainerItemProxy */ = {
			isa = PBXContainerItemProxy;
			containerPortal = F0E172DE2D944499002D1816 /* Project object */;
			proxyType = 1;
			remoteGlobalIDString = F0E172E52D944499002D1816;
			remoteInfo = NavigationControllerAvancado;
		};
		F0E173072D94449B002D1816 /* PBXContainerItemProxy */ = {
			isa = PBXContainerItemProxy;
			containerPortal = F0E172DE2D944499002D1816 /* Project object */;
			proxyType = 1;
			remoteGlobalIDString = F0E172E52D944499002D1816;
			remoteInfo = NavigationControllerAvancado;
		};
/* End PBXContainerItemProxy section */

/* Begin PBXFileReference section */
		F0E172E62D944499002D1816 /* NavigationControllerAvancado.app */ = {isa = PBXFileReference; explicitFileType = wrapper.application; includeInIndex = 0; path = NavigationControllerAvancado.app; sourceTree = BUILT_PRODUCTS_DIR; };
		F0E172FC2D94449B002D1816 /* NavigationControllerAvancadoTests.xctest */ = {isa = PBXFileReference; explicitFileType = wrapper.cfbundle; includeInIndex = 0; path = NavigationControllerAvancadoTests.xctest; sourceTree = BUILT_PRODUCTS_DIR; };
		F0E173062D94449B002D1816 /* NavigationControllerAvancadoUITests.xctest */ = {isa = PBXFileReference; explicitFileType = wrapper.cfbundle; includeInIndex = 0; path = NavigationControllerAvancadoUITests.xctest; sourceTree = BUILT_PRODUCTS_DIR; };
/* End PBXFileReference section */

/* Begin PBXFileSystemSynchronizedBuildFileExceptionSet section */
		F0E1730E2D94449B002D1816 /* Exceptions for "NavigationControllerAvancado" folder in "NavigationControllerAvancado" target */ = {
			isa = PBXFileSystemSynchronizedBuildFileExceptionSet;
			membershipExceptions = (
				Info.plist,
			);
			target = F0E172E52D944499002D1816 /* NavigationControllerAvancado */;
		};
/* End PBXFileSystemSynchronizedBuildFileExceptionSet section */

/* Begin PBXFileSystemSynchronizedRootGroup section */
		F0E172E82D944499002D1816 /* NavigationControllerAvancado */ = {
			isa = PBXFileSystemSynchronizedRootGroup;
			exceptions = (
				F0E1730E2D94449B002D1816 /* Exceptions for "NavigationControllerAvancado" folder in "NavigationControllerAvancado" target */,
			);
			path = NavigationControllerAvancado;
			sourceTree = "<group>";
		};
		F0E172FF2D94449B002D1816 /* NavigationControllerAvancadoTests */ = {
			isa = PBXFileSystemSynchronizedRootGroup;
			path = NavigationControllerAvancadoTests;
			sourceTree = "<group>";
		};
		F0E173092D94449B002D1816 /* NavigationControllerAvancadoUITests */ = {
			isa = PBXFileSystemSynchronizedRootGroup;
			path = NavigationControllerAvancadoUITests;
			sourceTree = "<group>";
		};
/* End PBXFileSystemSynchronizedRootGroup section */

/* Begin PBXFrameworksBuildPhase section */
		F0E172E32D944499002D1816 /* Frameworks */ = {
			isa = PBXFrameworksBuildPhase;
			buildActionMask = 2147483647;
			files = (
			);
			runOnlyForDeploymentPostprocessing = 0;
		};
		F0E172F92D94449B002D1816 /* Frameworks */ = {
			isa = PBXFrameworksBuildPhase;
			buildActionMask = 2147483647;
			files = (
			);
			runOnlyForDeploymentPostprocessing = 0;
		};
		F0E173032D94449B002D1816 /* Frameworks */ = {
			isa = PBXFrameworksBuildPhase;
			buildActionMask = 2147483647;
			files = (
			);
			runOnlyForDeploymentPostprocessing = 0;
		};
/* End PBXFrameworksBuildPhase section */

/* Begin PBXGroup section */
		F0E172DD2D944499002D1816 = {
			isa = PBXGroup;
			children = (
				F0E172E82D944499002D1816 /* NavigationControllerAvancado */,
				F0E172FF2D94449B002D1816 /* NavigationControllerAvancadoTests */,
				F0E173092D94449B002D1816 /* NavigationControllerAvancadoUITests */,
				F0E172E72D944499002D1816 /* Products */,
			);
			sourceTree = "<group>";
		};
		F0E172E72D944499002D1816 /* Products */ = {
			isa = PBXGroup;
			children = (
				F0E172E62D944499002D1816 /* NavigationControllerAvancado.app */,
				F0E172FC2D94449B002D1816 /* NavigationControllerAvancadoTests.xctest */,
				F0E173062D94449B002D1816 /* NavigationControllerAvancadoUITests.xctest */,
			);
			name = Products;
			sourceTree = "<group>";
		};
/* End PBXGroup section */

/* Begin PBXNativeTarget section */
		F0E172E52D944499002D1816 /* NavigationControllerAvancado */ = {
			isa = PBXNativeTarget;
			buildConfigurationList = F0E1730F2D94449B002D1816 /* Build configuration list for PBXNativeTarget "NavigationControllerAvancado" */;
			buildPhases = (
				F0E172E22D944499002D1816 /* Sources */,
				F0E172E32D944499002D1816 /* Frameworks */,
				F0E172E42D944499002D1816 /* Resources */,
			);
			buildRules = (
			);
			dependencies = (
			);
			fileSystemSynchronizedGroups = (
				F0E172E82D944499002D1816 /* NavigationControllerAvancado */,
			);
			name = NavigationControllerAvancado;
			packageProductDependencies = (
			);
			productName = NavigationControllerAvancado;
			productReference = F0E172E62D944499002D1816 /* NavigationControllerAvancado.app */;
			productType = "com.apple.product-type.application";
		};
		F0E172FB2D94449B002D1816 /* NavigationControllerAvancadoTests */ = {
			isa = PBXNativeTarget;
			buildConfigurationList = F0E173142D94449B002D1816 /* Build configuration list for PBXNativeTarget "NavigationControllerAvancadoTests" */;
			buildPhases = (
				F0E172F82D94449B002D1816 /* Sources */,
				F0E172F92D94449B002D1816 /* Frameworks */,
				F0E172FA2D94449B002D1816 /* Resources */,
			);
			buildRules = (
			);
			dependencies = (
				F0E172FE2D94449B002D1816 /* PBXTargetDependency */,
			);
			fileSystemSynchronizedGroups = (
				F0E172FF2D94449B002D1816 /* NavigationControllerAvancadoTests */,
			);
			name = NavigationControllerAvancadoTests;
			packageProductDependencies = (
			);
			productName = NavigationControllerAvancadoTests;
			productReference = F0E172FC2D94449B002D1816 /* NavigationControllerAvancadoTests.xctest */;
			productType = "com.apple.product-type.bundle.unit-test";
		};
		F0E173052D94449B002D1816 /* NavigationControllerAvancadoUITests */ = {
			isa = PBXNativeTarget;
			buildConfigurationList = F0E173172D94449B002D1816 /* Build configuration list for PBXNativeTarget "NavigationControllerAvancadoUITests" */;
			buildPhases = (
				F0E173022D94449B002D1816 /* Sources */,
				F0E173032D94449B002D1816 /* Frameworks */,
				F0E173042D94449B002D1816 /* Resources */,
			);
			buildRules = (
			);
			dependencies = (
				F0E173082D94449B002D1816 /* PBXTargetDependency */,
			);
			fileSystemSynchronizedGroups = (
				F0E173092D94449B002D1816 /* NavigationControllerAvancadoUITests */,
			);
			name = NavigationControllerAvancadoUITests;
			packageProductDependencies = (
			);
			productName = NavigationControllerAvancadoUITests;
			productReference = F0E173062D94449B002D1816 /* NavigationControllerAvancadoUITests.xctest */;
			productType = "com.apple.product-type.bundle.ui-testing";
		};
/* End PBXNativeTarget section */

/* Begin PBXProject section */
		F0E172DE2D944499002D1816 /* Project object */ = {
			isa = PBXProject;
			attributes = {
				BuildIndependentTargetsInParallel = 1;
				LastSwiftUpdateCheck = 1620;
				LastUpgradeCheck = 1620;
				TargetAttributes = {
					F0E172E52D944499002D1816 = {
						CreatedOnToolsVersion = 16.2;
					};
					F0E172FB2D94449B002D1816 = {
						CreatedOnToolsVersion = 16.2;
						TestTargetID = F0E172E52D944499002D1816;
					};
					F0E173052D94449B002D1816 = {
						CreatedOnToolsVersion = 16.2;
						TestTargetID = F0E172E52D944499002D1816;
					};
				};
			};
			buildConfigurationList = F0E172E12D944499002D1816 /* Build configuration list for PBXProject "NavigationControllerAvancado" */;
			developmentRegion = en;
			hasScannedForEncodings = 0;
			knownRegions = (
				en,
				Base,
			);
			mainGroup = F0E172DD2D944499002D1816;
			minimizedProjectReferenceProxies = 1;
			preferredProjectObjectVersion = 77;
			productRefGroup = F0E172E72D944499002D1816 /* Products */;
			projectDirPath = "";
			projectRoot = "";
			targets = (
				F0E172E52D944499002D1816 /* NavigationControllerAvancado */,
				F0E172FB2D94449B002D1816 /* NavigationControllerAvancadoTests */,
				F0E173052D94449B002D1816 /* NavigationControllerAvancadoUITests */,
			);
		};
/* End PBXProject section */

/* Begin PBXResourcesBuildPhase section */
		F0E172E42D944499002D1816 /* Resources */ = {
			isa = PBXResourcesBuildPhase;
			buildActionMask = 2147483647;
			files = (
			);
			runOnlyForDeploymentPostprocessing = 0;
		};
		F0E172FA2D94449B002D1816 /* Resources */ = {
			isa = PBXResourcesBuildPhase;
			buildActionMask = 2147483647;
			files = (
			);
			runOnlyForDeploymentPostprocessing = 0;
		};
		F0E173042D94449B002D1816 /* Resources */ = {
			isa = PBXResourcesBuildPhase;
			buildActionMask = 2147483647;
			files = (
			);
			runOnlyForDeploymentPostprocessing = 0;
		};
/* End PBXResourcesBuildPhase section */

/* Begin PBXSourcesBuildPhase section */
		F0E172E22D944499002D1816 /* Sources */ = {
			isa = PBXSourcesBuildPhase;
			buildActionMask = 2147483647;
			files = (
			);
			runOnlyForDeploymentPostprocessing = 0;
		};
		F0E172F82D94449B002D1816 /* Sources */ = {
			isa = PBXSourcesBuildPhase;
			buildActionMask = 2147483647;
			files = (
			);
			runOnlyForDeploymentPostprocessing = 0;
		};
		F0E173022D94449B002D1816 /* Sources */ = {
			isa = PBXSourcesBuildPhase;
			buildActionMask = 2147483647;
			files = (
			);
			runOnlyForDeploymentPostprocessing = 0;
		};
/* End PBXSourcesBuildPhase section */

/* Begin PBXTargetDependency section */
		F0E172FE2D94449B002D1816 /* PBXTargetDependency */ = {
			isa = PBXTargetDependency;
			target = F0E172E52D944499002D1816 /* NavigationControllerAvancado */;
			targetProxy = F0E172FD2D94449B002D1816 /* PBXContainerItemProxy */;
		};
		F0E173082D94449B002D1816 /* PBXTargetDependency */ = {
			isa = PBXTargetDependency;
			target = F0E172E52D944499002D1816 /* NavigationControllerAvancado */;
			targetProxy = F0E173072D94449B002D1816 /* PBXContainerItemProxy */;
		};
/* End PBXTargetDependency section */

/* Begin XCBuildConfiguration section */
		F0E173102D94449B002D1816 /* Debug */ = {
			isa = XCBuildConfiguration;
			buildSettings = {
				ASSETCATALOG_COMPILER_APPICON_NAME = AppIcon;
				ASSETCATALOG_COMPILER_GLOBAL_ACCENT_COLOR_NAME = AccentColor;
				CODE_SIGN_STYLE = Automatic;
				CURRENT_PROJECT_VERSION = 1;
				DEVELOPMENT_TEAM = 7SM9J5V6TJ;
				GENERATE_INFOPLIST_FILE = YES;
				INFOPLIST_FILE = NavigationControllerAvancado/Info.plist;
				INFOPLIST_KEY_UIApplicationSupportsIndirectInputEvents = YES;
				INFOPLIST_KEY_UILaunchStoryboardName = LaunchScreen;
				INFOPLIST_KEY_UIMainStoryboardFile = Main;
				INFOPLIST_KEY_UISupportedInterfaceOrientations_iPad = "UIInterfaceOrientationPortrait UIInterfaceOrientationPortraitUpsideDown UIInterfaceOrientationLandscapeLeft UIInterfaceOrientationLandscapeRight";
				INFOPLIST_KEY_UISupportedInterfaceOrientations_iPhone = "UIInterfaceOrientationPortrait UIInterfaceOrientationLandscapeLeft UIInterfaceOrientationLandscapeRight";
				LD_RUNPATH_SEARCH_PATHS = (
					"$(inherited)",
					"@executable_path/Frameworks",
				);
				MARKETING_VERSION = 1.0;
				PRODUCT_BUNDLE_IDENTIFIER = diego.NavigationControllerAvancado;
				PRODUCT_NAME = "$(TARGET_NAME)";
				SWIFT_EMIT_LOC_STRINGS = YES;
				SWIFT_VERSION = 5.0;
				TARGETED_DEVICE_FAMILY = "1,2";
			};
			name = Debug;
		};
		F0E173112D94449B002D1816 /* Release */ = {
			isa = XCBuildConfiguration;
			buildSettings = {
				ASSETCATALOG_COMPILER_APPICON_NAME = AppIcon;
				ASSETCATALOG_COMPILER_GLOBAL_ACCENT_COLOR_NAME = AccentColor;
				CODE_SIGN_STYLE = Automatic;
				CURRENT_PROJECT_VERSION = 1;
				DEVELOPMENT_TEAM = 7SM9J5V6TJ;
				GENERATE_INFOPLIST_FILE = YES;
				INFOPLIST_FILE = NavigationControllerAvancado/Info.plist;
				INFOPLIST_KEY_UIApplicationSupportsIndirectInputEvents = YES;
				INFOPLIST_KEY_UILaunchStoryboardName = LaunchScreen;
				INFOPLIST_KEY_UIMainStoryboardFile = Main;
				INFOPLIST_KEY_UISupportedInterfaceOrientations_iPad = "UIInterfaceOrientationPortrait UIInterfaceOrientationPortraitUpsideDown UIInterfaceOrientationLandscapeLeft UIInterfaceOrientationLandscapeRight";
				INFOPLIST_KEY_UISupportedInterfaceOrientations_iPhone = "UIInterfaceOrientationPortrait UIInterfaceOrientationLandscapeLeft UIInterfaceOrientationLandscapeRight";
				LD_RUNPATH_SEARCH_PATHS = (
					"$(inherited)",
					"@executable_path/Frameworks",
				);
				MARKETING_VERSION = 1.0;
				PRODUCT_BUNDLE_IDENTIFIER = diego.NavigationControllerAvancado;
				PRODUCT_NAME = "$(TARGET_NAME)";
				SWIFT_EMIT_LOC_STRINGS = YES;
				SWIFT_VERSION = 5.0;
				TARGETED_DEVICE_FAMILY = "1,2";
			};
			name = Release;
		};
		F0E173122D94449B002D1816 /* Debug */ = {
			isa = XCBuildConfiguration;
			buildSettings = {
				ALWAYS_SEARCH_USER_PATHS = NO;
				ASSETCATALOG_COMPILER_GENERATE_SWIFT_ASSET_SYMBOL_EXTENSIONS = YES;
				CLANG_ANALYZER_NONNULL = YES;
				CLANG_ANALYZER_NUMBER_OBJECT_CONVERSION = YES_AGGRESSIVE;
				CLANG_CXX_LANGUAGE_STANDARD = "gnu++20";
				CLANG_ENABLE_MODULES = YES;
				CLANG_ENABLE_OBJC_ARC = YES;
				CLANG_ENABLE_OBJC_WEAK = YES;
				CLANG_WARN_BLOCK_CAPTURE_AUTORELEASING = YES;
				CLANG_WARN_BOOL_CONVERSION = YES;
				CLANG_WARN_COMMA = YES;
				CLANG_WARN_CONSTANT_CONVERSION = YES;
				CLANG_WARN_DEPRECATED_OBJC_IMPLEMENTATIONS = YES;
				CLANG_WARN_DIRECT_OBJC_ISA_USAGE = YES_ERROR;
				CLANG_WARN_DOCUMENTATION_COMMENTS = YES;
				CLANG_WARN_EMPTY_BODY = YES;
				CLANG_WARN_ENUM_CONVERSION = YES;
				CLANG_WARN_INFINITE_RECURSION = YES;
				CLANG_WARN_INT_CONVERSION = YES;
				CLANG_WARN_NON_LITERAL_NULL_CONVERSION = YES;
				CLANG_WARN_OBJC_IMPLICIT_RETAIN_SELF = YES;
				CLANG_WARN_OBJC_LITERAL_CONVERSION = YES;
				CLANG_WARN_OBJC_ROOT_CLASS = YES_ERROR;
				CLANG_WARN_QUOTED_INCLUDE_IN_FRAMEWORK_HEADER = YES;
				CLANG_WARN_RANGE_LOOP_ANALYSIS = YES;
				CLANG_WARN_STRICT_PROTOTYPES = YES;
				CLANG_WARN_SUSPICIOUS_MOVE = YES;
				CLANG_WARN_UNGUARDED_AVAILABILITY = YES_AGGRESSIVE;
				CLANG_WARN_UNREACHABLE_CODE = YES;
				CLANG_WARN__DUPLICATE_METHOD_MATCH = YES;
				COPY_PHASE_STRIP = NO;
				DEBUG_INFORMATION_FORMAT = dwarf;
				ENABLE_STRICT_OBJC_MSGSEND = YES;
				ENABLE_TESTABILITY = YES;
				ENABLE_USER_SCRIPT_SANDBOXING = YES;
				GCC_C_LANGUAGE_STANDARD = gnu17;
				GCC_DYNAMIC_NO_PIC = NO;
				GCC_NO_COMMON_BLOCKS = YES;
				GCC_OPTIMIZATION_LEVEL = 0;
				GCC_PREPROCESSOR_DEFINITIONS = (
					"DEBUG=1",
					"$(inherited)",
				);
				GCC_WARN_64_TO_32_BIT_CONVERSION = YES;
				GCC_WARN_ABOUT_RETURN_TYPE = YES_ERROR;
				GCC_WARN_UNDECLARED_SELECTOR = YES;
				GCC_WARN_UNINITIALIZED_AUTOS = YES_AGGRESSIVE;
				GCC_WARN_UNUSED_FUNCTION = YES;
				GCC_WARN_UNUSED_VARIABLE = YES;
				IPHONEOS_DEPLOYMENT_TARGET = 18.2;
				LOCALIZATION_PREFERS_STRING_CATALOGS = YES;
				MTL_ENABLE_DEBUG_INFO = INCLUDE_SOURCE;
				MTL_FAST_MATH = YES;
				ONLY_ACTIVE_ARCH = YES;
				SDKROOT = iphoneos;
				SWIFT_ACTIVE_COMPILATION_CONDITIONS = "DEBUG $(inherited)";
				SWIFT_OPTIMIZATION_LEVEL = "-Onone";
			};
			name = Debug;
		};
		F0E173132D94449B002D1816 /* Release */ = {
			isa = XCBuildConfiguration;
			buildSettings = {
				ALWAYS_SEARCH_USER_PATHS = NO;
				ASSETCATALOG_COMPILER_GENERATE_SWIFT_ASSET_SYMBOL_EXTENSIONS = YES;
				CLANG_ANALYZER_NONNULL = YES;
				CLANG_ANALYZER_NUMBER_OBJECT_CONVERSION = YES_AGGRESSIVE;
				CLANG_CXX_LANGUAGE_STANDARD = "gnu++20";
				CLANG_ENABLE_MODULES = YES;
				CLANG_ENABLE_OBJC_ARC = YES;
				CLANG_ENABLE_OBJC_WEAK = YES;
				CLANG_WARN_BLOCK_CAPTURE_AUTORELEASING = YES;
				CLANG_WARN_BOOL_CONVERSION = YES;
				CLANG_WARN_COMMA = YES;
				CLANG_WARN_CONSTANT_CONVERSION = YES;
				CLANG_WARN_DEPRECATED_OBJC_IMPLEMENTATIONS = YES;
				CLANG_WARN_DIRECT_OBJC_ISA_USAGE = YES_ERROR;
				CLANG_WARN_DOCUMENTATION_COMMENTS = YES;
				CLANG_WARN_EMPTY_BODY = YES;
				CLANG_WARN_ENUM_CONVERSION = YES;
				CLANG_WARN_INFINITE_RECURSION = YES;
				CLANG_WARN_INT_CONVERSION = YES;
				CLANG_WARN_NON_LITERAL_NULL_CONVERSION = YES;
				CLANG_WARN_OBJC_IMPLICIT_RETAIN_SELF = YES;
				CLANG_WARN_OBJC_LITERAL_CONVERSION = YES;
				CLANG_WARN_OBJC_ROOT_CLASS = YES_ERROR;
				CLANG_WARN_QUOTED_INCLUDE_IN_FRAMEWORK_HEADER = YES;
				CLANG_WARN_RANGE_LOOP_ANALYSIS = YES;
				CLANG_WARN_STRICT_PROTOTYPES = YES;
				CLANG_WARN_SUSPICIOUS_MOVE = YES;
				CLANG_WARN_UNGUARDED_AVAILABILITY = YES_AGGRESSIVE;
				CLANG_WARN_UNREACHABLE_CODE = YES;
				CLANG_WARN__DUPLICATE_METHOD_MATCH = YES;
				COPY_PHASE_STRIP = NO;
				DEBUG_INFORMATION_FORMAT = "dwarf-with-dsym";
				ENABLE_NS_ASSERTIONS = NO;
				ENABLE_STRICT_OBJC_MSGSEND = YES;
				ENABLE_USER_SCRIPT_SANDBOXING = YES;
				GCC_C_LANGUAGE_STANDARD = gnu17;
				GCC_NO_COMMON_BLOCKS = YES;
				GCC_WARN_64_TO_32_BIT_CONVERSION = YES;
				GCC_WARN_ABOUT_RETURN_TYPE = YES_ERROR;
				GCC_WARN_UNDECLARED_SELECTOR = YES;
				GCC_WARN_UNINITIALIZED_AUTOS = YES_AGGRESSIVE;
				GCC_WARN_UNUSED_FUNCTION = YES;
				GCC_WARN_UNUSED_VARIABLE = YES;
				IPHONEOS_DEPLOYMENT_TARGET = 18.2;
				LOCALIZATION_PREFERS_STRING_CATALOGS = YES;
				MTL_ENABLE_DEBUG_INFO = NO;
				MTL_FAST_MATH = YES;
				SDKROOT = iphoneos;
				SWIFT_COMPILATION_MODE = wholemodule;
				VALIDATE_PRODUCT = YES;
			};
			name = Release;
		};
		F0E173152D94449B002D1816 /* Debug */ = {
			isa = XCBuildConfiguration;
			buildSettings = {
				BUNDLE_LOADER = "$(TEST_HOST)";
				CODE_SIGN_STYLE = Automatic;
				CURRENT_PROJECT_VERSION = 1;
				DEVELOPMENT_TEAM = 7SM9J5V6TJ;
				GENERATE_INFOPLIST_FILE = YES;
				IPHONEOS_DEPLOYMENT_TARGET = 18.2;
				MARKETING_VERSION = 1.0;
				PRODUCT_BUNDLE_IDENTIFIER = diego.NavigationControllerAvancadoTests;
				PRODUCT_NAME = "$(TARGET_NAME)";
				SWIFT_EMIT_LOC_STRINGS = NO;
				SWIFT_VERSION = 5.0;
				TARGETED_DEVICE_FAMILY = "1,2";
				TEST_HOST = "$(BUILT_PRODUCTS_DIR)/NavigationControllerAvancado.app/$(BUNDLE_EXECUTABLE_FOLDER_PATH)/NavigationControllerAvancado";
			};
			name = Debug;
		};
		F0E173162D94449B002D1816 /* Release */ = {
			isa = XCBuildConfiguration;
			buildSettings = {
				BUNDLE_LOADER = "$(TEST_HOST)";
				CODE_SIGN_STYLE = Automatic;
				CURRENT_PROJECT_VERSION = 1;
				DEVELOPMENT_TEAM = 7SM9J5V6TJ;
				GENERATE_INFOPLIST_FILE = YES;
				IPHONEOS_DEPLOYMENT_TARGET = 18.2;
				MARKETING_VERSION = 1.0;
				PRODUCT_BUNDLE_IDENTIFIER = diego.NavigationControllerAvancadoTests;
				PRODUCT_NAME = "$(TARGET_NAME)";
				SWIFT_EMIT_LOC_STRINGS = NO;
				SWIFT_VERSION = 5.0;
				TARGETED_DEVICE_FAMILY = "1,2";
				TEST_HOST = "$(BUILT_PRODUCTS_DIR)/NavigationControllerAvancado.app/$(BUNDLE_EXECUTABLE_FOLDER_PATH)/NavigationControllerAvancado";
			};
			name = Release;
		};
		F0E173182D94449B002D1816 /* Debug */ = {
			isa = XCBuildConfiguration;
			buildSettings = {
				CODE_SIGN_STYLE = Automatic;
				CURRENT_PROJECT_VERSION = 1;
				DEVELOPMENT_TEAM = 7SM9J5V6TJ;
				GENERATE_INFOPLIST_FILE = YES;
				MARKETING_VERSION = 1.0;
				PRODUCT_BUNDLE_IDENTIFIER = diego.NavigationControllerAvancadoUITests;
				PRODUCT_NAME = "$(TARGET_NAME)";
				SWIFT_EMIT_LOC_STRINGS = NO;
				SWIFT_VERSION = 5.0;
				TARGETED_DEVICE_FAMILY = "1,2";
				TEST_TARGET_NAME = NavigationControllerAvancado;
			};
			name = Debug;
		};
		F0E173192D94449B002D1816 /* Release */ = {
			isa = XCBuildConfiguration;
			buildSettings = {
				CODE_SIGN_STYLE = Automatic;
				CURRENT_PROJECT_VERSION = 1;
				DEVELOPMENT_TEAM = 7SM9J5V6TJ;
				GENERATE_INFOPLIST_FILE = YES;
				MARKETING_VERSION = 1.0;
				PRODUCT_BUNDLE_IDENTIFIER = diego.NavigationControllerAvancadoUITests;
				PRODUCT_NAME = "$(TARGET_NAME)";
				SWIFT_EMIT_LOC_STRINGS = NO;
				SWIFT_VERSION = 5.0;
				TARGETED_DEVICE_FAMILY = "1,2";
				TEST_TARGET_NAME = NavigationControllerAvancado;
			};
			name = Release;
		};
/* End XCBuildConfiguration section */

/* Begin XCConfigurationList section */
		F0E172E12D944499002D1816 /* Build configuration list for PBXProject "NavigationControllerAvancado" */ = {
			isa = XCConfigurationList;
			buildConfigurations = (
				F0E173122D94449B002D1816 /* Debug */,
				F0E173132D94449B002D1816 /* Release */,
			);
			defaultConfigurationIsVisible = 0;
			defaultConfigurationName = Release;
		};
		F0E1730F2D94449B002D1816 /* Build configuration list for PBXNativeTarget "NavigationControllerAvancado" */ = {
			isa = XCConfigurationList;
			buildConfigurations = (
				F0E173102D94449B002D1816 /* Debug */,
				F0E173112D94449B002D1816 /* Release */,
			);
			defaultConfigurationIsVisible = 0;
			defaultConfigurationName = Release;
		};
		F0E173142D94449B002D1816 /* Build configuration list for PBXNativeTarget "NavigationControllerAvancadoTests" */ = {
			isa = XCConfigurationList;
			buildConfigurations = (
				F0E173152D94449B002D1816 /* Debug */,
				F0E173162D94449B002D1816 /* Release */,
			);
			defaultConfigurationIsVisible = 0;
			defaultConfigurationName = Release;
		};
		F0E173172D94449B002D1816 /* Build configuration list for PBXNativeTarget "NavigationControllerAvancadoUITests" */ = {
			isa = XCConfigurationList;
			buildConfigurations = (
				F0E173182D94449B002D1816 /* Debug */,
				F0E173192D94449B002D1816 /* Release */,
			);
			defaultConfigurationIsVisible = 0;
			defaultConfigurationName = Release;
		};
/* End XCConfigurationList section */
	};
	rootObject = F0E172DE2D944499002D1816 /* Project object */;
}
